
Microsoft Visual Studio Solution File, Format Version 12.00
# Visual Studio Version 17
VisualStudioVersion = 17.0.32112.339
MinimumVisualStudioVersion = 10.0.40219.1
Project("{FAE04EC0-301F-11D3-BF4B-00C04F79EFBC}") = "Omegle SpamBot", "Omegle SpamBot\Omegle SpamBot.csproj", "{9E039EBD-8E11-42DC-9B5E-CFD08873DB8A}"
EndProject
Global
	GlobalSection(SolutionConfigurationPlatforms) = preSolution
		Debug|Any CPU = Debug|Any CPU
		Release|Any CPU = Release|Any CPU
	EndGlobalSection
	GlobalSection(ProjectConfigurationPlatforms) = postSolution
		{9E039EBD-8E11-42DC-9B5E-CFD08873DB8A}.Debug|Any CPU.ActiveCfg = Debug|Any CPU
		{9E039EBD-8E11-42DC-9B5E-CFD08873DB8A}.Debug|Any CPU.Build.0 = Debug|Any CPU
		{9E039EBD-8E11-42DC-9B5E-CFD08873DB8A}.Release|Any CPU.ActiveCfg = Release|Any CPU
		{9E039EBD-8E11-42DC-9B5E-CFD08873DB8A}.Release|Any CPU.Build.0 = Release|Any CPU
	EndGlobalSection
	GlobalSection(SolutionProperties) = preSolution
		HideSolutionNode = FALSE
	EndGlobalSection
	GlobalSection(ExtensibilityGlobals) = postSolution
		SolutionGuid = {BD7A4A71-920D-4661-9CF3-5CFFE9DBC534}
	EndGlobalSection
EndGlobal
